{
  "nodes": {
    "advisory-db": {
      "flake": false,
      "locked": {
        "lastModified": 1726496182,
        "narHash": "sha256-V5193OeAuy0smfeOF2omeJXk+kq+tlEzcpk2MrUpai0=",
        "owner": "rustsec",
        "repo": "advisory-db",
        "rev": "3cae2352cf82b5815b98aa309e0f4df6aa737cec",
        "type": "github"
      },
      "original": {
        "owner": "rustsec",
        "repo": "advisory-db",
        "type": "github"
      }
    },
    "alejandra": {
      "inputs": {
        "fenix": "fenix",
        "flakeCompat": "flakeCompat",
        "nixpkgs": [
          "nixpkgs"
        ]
      },
      "locked": {
        "lastModified": 1719514321,
        "narHash": "sha256-ys1nJdZ8zB8JlpUbQmnj0hZalg03bEPgQdZN30DhETE=",
        "owner": "kamadorueda",
        "repo": "alejandra",
        "rev": "d7552fef2ccf1bbf0d36b27f6fddb19073f205b7",
        "type": "github"
      },
      "original": {
        "owner": "kamadorueda",
        "repo": "alejandra",
        "type": "github"
      }
    },
    "crane": {
      "locked": {
        "lastModified": 1725409566,
        "narHash": "sha256-PrtLmqhM6UtJP7v7IGyzjBFhbG4eOAHT6LPYOFmYfbk=",
        "owner": "ipetkov",
        "repo": "crane",
        "rev": "7e4586bad4e3f8f97a9271def747cf58c4b68f3c",
        "type": "github"
      },
      "original": {
        "owner": "ipetkov",
        "repo": "crane",
        "type": "github"
      }
    },
    "fenix": {
      "inputs": {
        "nixpkgs": [
          "alejandra",
          "nixpkgs"
        ],
        "rust-analyzer-src": "rust-analyzer-src"
      },
      "locked": {
        "lastModified": 1668234453,
        "narHash": "sha256-FmuZThToBvRsqCauYJ3l8HJoGLAY5cMULeYEKIaGrRw=",
        "owner": "nix-community",
        "repo": "fenix",
        "rev": "8f219f6b36e8d0d56afa7f67e6e3df63ef013cdb",
        "type": "github"
      },
      "original": {
        "owner": "nix-community",
        "repo": "fenix",
        "type": "github"
      }
    },
    "flakeCompat": {
      "flake": false,
      "locked": {
        "lastModified": 1650374568,
        "narHash": "sha256-Z+s0J8/r907g149rllvwhb4pKi8Wam5ij0st8PwAh+E=",
        "owner": "edolstra",
        "repo": "flake-compat",
        "rev": "b4a34015c698c7793d592d66adbab377907a2be8",
        "type": "github"
      },
      "original": {
        "owner": "edolstra",
        "repo": "flake-compat",
        "type": "github"
      }
    },
    "nixpkgs": {
      "locked": {
        "lastModified": 1726871744,
        "narHash": "sha256-V5LpfdHyQkUF7RfOaDPrZDP+oqz88lTJrMT1+stXNwo=",
        "owner": "NixOS",
        "repo": "nixpkgs",
        "rev": "a1d92660c6b3b7c26fb883500a80ea9d33321be2",
        "type": "github"
      },
      "original": {
        "owner": "NixOS",
        "ref": "nixpkgs-unstable",
        "repo": "nixpkgs",
        "type": "github"
      }
    },
    "root": {
      "inputs": {
        "advisory-db": "advisory-db",
        "alejandra": "alejandra",
        "crane": "crane",
        "nixpkgs": "nixpkgs",
        "rust-overlay": "rust-overlay"
      }
    },
    "rust-analyzer-src": {
      "flake": false,
      "locked": {
        "lastModified": 1668182250,
        "narHash": "sha256-PYGaOCiFvnJdVz+ZCaKF8geGdffXjJUNcMwaBHv0FT4=",
        "owner": "rust-lang",
        "repo": "rust-analyzer",
        "rev": "45ec315e01dc8dd1146dfeb65f0ef6e5c2efed78",
        "type": "github"
      },
      "original": {
        "owner": "rust-lang",
        "ref": "nightly",
        "repo": "rust-analyzer",
        "type": "github"
      }
    },
    "rust-overlay": {
      "inputs": {
        "nixpkgs": [
          "nixpkgs"
        ]
      },
      "locked": {
        "lastModified": 1726885519,
        "narHash": "sha256-wrXknshJMRLv91KQD5d7ovUqJ70FlDM7XeG/upSsKgM=",
        "owner": "oxalica",
        "repo": "rust-overlay",
        "rev": "a66e16cb21e4428224925dbf1b66238c727dda0a",
        "type": "github"
      },
      "original": {
        "owner": "oxalica",
        "repo": "rust-overlay",
        "type": "github"
      }
    }
  },
  "root": "root",
  "version": 7
}
